hash: 7a99a54a847b30d5dc94001bdd458eadcdc8cfff43e50470846db92f716b8558
updated: 2016-11-22T13:06:18.542464877-08:00
imports:
- name: golang.org/x/crypto
  version: 351dc6a5bf92a5f2ae22fadeee08eb6a45aa2d93
  subpackages:
  - curve25519
  - ed25519
  - ed25519/internal/edwards25519
  - ssh
  - ssh/agent
  - ssh/terminal
testImports:
- name: github.com/stretchr/testify
  version: d77da356e56a7428ad25149ca77381849a6a5232
  subpackages:
  - assert
